{
    "_readme": [
        "This file locks the dependencies of your project to a known state",
        "Read more about it at https://getcomposer.org/doc/01-basic-usage.md#composer-lock-the-lock-file",
        "This file is @generated automatically"
    ],
    "hash": "b3a59def69ced6666ce6ccc53c2798b8",
    "content-hash": "55a1c49c35ed97783d7ce74b74673a28",
    "packages": [
        {
            "name": "yandex/translate-api",
            "version": "1.5.2",
            "source": {
                "type": "git",
                "url": "https://github.com/yandex-php/translate-api.git",
                "reference": "c99e69cde3e688fc0f99c4d8a21585226a8e1938"
            },
            "dist": {
                "type": "zip",
                "url": "https://api.github.com/repos/yandex-php/translate-api/zipball/c99e69cde3e688fc0f99c4d8a21585226a8e1938",
                "reference": "c99e69cde3e688fc0f99c4d8a21585226a8e1938",
                "shasum": ""
            },
            "require": {
                "ext-curl": "*",
                "php": ">=5.3"
            },
            "type": "library",
            "autoload": {
                "psr-4": {
                    "Yandex\\Translate\\": "src"
                }
            },
            "notification-url": "https://packagist.org/downloads/",
            "license": [
                "MIT"
            ],
            "authors": [
                {
                    "name": "Nikita Gusakov",
                    "email": "dev@nkt.me"
                }
            ],
            "description": "Client for Yandex.Translate API",
            "time": "2015-07-27 15:00:45"
        }
    ],
    "packages-dev": [],
    "aliases": [],
    "minimum-stability": "stable",
    "stability-flags": [],
    "prefer-stable": false,
    "prefer-lowest": false,
    "platform": [],
    "platform-dev": []
}
